// !$*UTF8*$!
{
	archiveVersion = 1;
	classes = {
	};
	objectVersion = 77;
	objects = {

/* Begin PBXBuildFile section */
		BA4FF6192E30853A00E594A3 /* SharedModule.framework in Frameworks */ = {isa = PBXBuildFile; fileRef = BA4FF6042E30853A00E594A3 /* SharedModule.framework */; };
		BA4FF61A2E30853A00E594A3 /* SharedModule.framework in Embed Frameworks */ = {isa = PBXBuildFile; fileRef = BA4FF6042E30853A00E594A3 /* SharedModule.framework */; settings = {ATTRIBUTES = (CodeSignOnCopy, RemoveHeadersOnCopy, ); }; };
		BA4FF6512E30872B00E594A3 /* SharedModule.framework in Frameworks */ = {isa = PBXBuildFile; fileRef = BA4FF6042E30853A00E594A3 /* SharedModule.framework */; };
/* End PBXBuildFile section */

/* Begin PBXContainerItemProxy section */
		BA4FF5A92E307E3D00E594A3 /* PBXContainerItemProxy */ = {
			isa = PBXContainerItemProxy;
			containerPortal = BA4FF58A2E307E3C00E594A3 /* Project object */;
			proxyType = 1;
			remoteGlobalIDString = BA4FF5912E307E3C00E594A3;
			remoteInfo = SwimCraft;
		};
		BA4FF5B32E307E3D00E594A3 /* PBXContainerItemProxy */ = {
			isa = PBXContainerItemProxy;
			containerPortal = BA4FF58A2E307E3C00E594A3 /* Project object */;
			proxyType = 1;
			remoteGlobalIDString = BA4FF5912E307E3C00E594A3;
			remoteInfo = SwimCraft;
		};
		BA4FF6102E30853A00E594A3 /* PBXContainerItemProxy */ = {
			isa = PBXContainerItemProxy;
			containerPortal = BA4FF58A2E307E3C00E594A3 /* Project object */;
			proxyType = 1;
			remoteGlobalIDString = BA4FF6032E30853A00E594A3;
			remoteInfo = SharedModule;
		};
		BA4FF6122E30853A00E594A3 /* PBXContainerItemProxy */ = {
			isa = PBXContainerItemProxy;
			containerPortal = BA4FF58A2E307E3C00E594A3 /* Project object */;
			proxyType = 1;
			remoteGlobalIDString = BA4FF5912E307E3C00E594A3;
			remoteInfo = SwimCraft;
		};
		BA4FF6172E30853A00E594A3 /* PBXContainerItemProxy */ = {
			isa = PBXContainerItemProxy;
			containerPortal = BA4FF58A2E307E3C00E594A3 /* Project object */;
			proxyType = 1;
			remoteGlobalIDString = BA4FF6032E30853A00E594A3;
			remoteInfo = SharedModule;
		};
/* End PBXContainerItemProxy section */

/* Begin PBXCopyFilesBuildPhase section */
		BA4FF5F82E3084AD00E594A3 /* Embed Frameworks */ = {
			isa = PBXCopyFilesBuildPhase;
			buildActionMask = 2147483647;
			dstPath = "";
			dstSubfolderSpec = 10;
			files = (
				BA4FF61A2E30853A00E594A3 /* SharedModule.framework in Embed Frameworks */,
			);
			name = "Embed Frameworks";
			runOnlyForDeploymentPostprocessing = 0;
		};
		BA4FF64A2E30870100E594A3 /* Embed Watch Content */ = {
			isa = PBXCopyFilesBuildPhase;
			buildActionMask = 2147483647;
			dstPath = "$(CONTENTS_FOLDER_PATH)/Watch";
			dstSubfolderSpec = 16;
			files = (
			);
			name = "Embed Watch Content";
			runOnlyForDeploymentPostprocessing = 0;
		};
/* End PBXCopyFilesBuildPhase section */

/* Begin PBXFileReference section */
		BA4FF5922E307E3C00E594A3 /* SwimCraft.app */ = {isa = PBXFileReference; explicitFileType = wrapper.application; includeInIndex = 0; path = SwimCraft.app; sourceTree = BUILT_PRODUCTS_DIR; };
		BA4FF5A82E307E3D00E594A3 /* SwimCraftTests.xctest */ = {isa = PBXFileReference; explicitFileType = wrapper.cfbundle; includeInIndex = 0; path = SwimCraftTests.xctest; sourceTree = BUILT_PRODUCTS_DIR; };
		BA4FF5B22E307E3D00E594A3 /* SwimCraftUITests.xctest */ = {isa = PBXFileReference; explicitFileType = wrapper.cfbundle; includeInIndex = 0; path = SwimCraftUITests.xctest; sourceTree = BUILT_PRODUCTS_DIR; };
		BA4FF6042E30853A00E594A3 /* SharedModule.framework */ = {isa = PBXFileReference; explicitFileType = wrapper.framework; includeInIndex = 0; path = SharedModule.framework; sourceTree = BUILT_PRODUCTS_DIR; };
		BA4FF60E2E30853A00E594A3 /* SharedModuleTests.xctest */ = {isa = PBXFileReference; explicitFileType = wrapper.cfbundle; includeInIndex = 0; path = SharedModuleTests.xctest; sourceTree = BUILT_PRODUCTS_DIR; };
/* End PBXFileReference section */

/* Begin PBXFileSystemSynchronizedBuildFileExceptionSet section */
		BA4FF5BA2E307E3D00E594A3 /* Exceptions for "SwimCraft" folder in "SwimCraft" target */ = {
			isa = PBXFileSystemSynchronizedBuildFileExceptionSet;
			membershipExceptions = (
				Info.plist,
				SwimCraft.xcdatamodeld,
			);
			target = BA4FF5912E307E3C00E594A3 /* SwimCraft */;
		};
		BA4FF6712E3096A900E594A3 /* Exceptions for "SharedModule" folder in "SharedModule" target */ = {
			isa = PBXFileSystemSynchronizedBuildFileExceptionSet;
			membershipExceptions = (
				SharedModels.swift,
			);
			target = BA4FF6032E30853A00E594A3 /* SharedModule */;
		};
/* End PBXFileSystemSynchronizedBuildFileExceptionSet section */

/* Begin PBXFileSystemSynchronizedGroupBuildPhaseMembershipExceptionSet section */
		BAC38EF22E4D18100061BE12 /* Exceptions for "SwimCraft" folder in "Copy Bundle Resources" phase from "SwimCraft" target */ = {
			isa = PBXFileSystemSynchronizedGroupBuildPhaseMembershipExceptionSet;
			buildPhase = BA4FF5902E307E3C00E594A3 /* Resources */;
			membershipExceptions = (
				SwimCraft.xcdatamodeld,
			);
		};
/* End PBXFileSystemSynchronizedGroupBuildPhaseMembershipExceptionSet section */

/* Begin PBXFileSystemSynchronizedRootGroup section */
		BA4FF5942E307E3C00E594A3 /* SwimCraft */ = {
			isa = PBXFileSystemSynchronizedRootGroup;
			exceptions = (
				BA4FF5BA2E307E3D00E594A3 /* Exceptions for "SwimCraft" folder in "SwimCraft" target */,
				BAC38EF22E4D18100061BE12 /* Exceptions for "SwimCraft" folder in "Copy Bundle Resources" phase from "SwimCraft" target */,
			);
			path = SwimCraft;
			sourceTree = "<group>";
		};
		BA4FF5AB2E307E3D00E594A3 /* SwimCraftTests */ = {
			isa = PBXFileSystemSynchronizedRootGroup;
			path = SwimCraftTests;
			sourceTree = "<group>";
		};
		BA4FF5B52E307E3D00E594A3 /* SwimCraftUITests */ = {
			isa = PBXFileSystemSynchronizedRootGroup;
			path = SwimCraftUITests;
			sourceTree = "<group>";
		};
		BA4FF6052E30853A00E594A3 /* SharedModule */ = {
			isa = PBXFileSystemSynchronizedRootGroup;
			exceptions = (
				BA4FF6712E3096A900E594A3 /* Exceptions for "SharedModule" folder in "SharedModule" target */,
			);
			path = SharedModule;
			sourceTree = "<group>";
		};
		BA4FF6142E30853A00E594A3 /* SharedModuleTests */ = {
			isa = PBXFileSystemSynchronizedRootGroup;
			path = SharedModuleTests;
			sourceTree = "<group>";
		};
/* End PBXFileSystemSynchronizedRootGroup section */

/* Begin PBXFrameworksBuildPhase section */
		BA4FF58F2E307E3C00E594A3 /* Frameworks */ = {
			isa = PBXFrameworksBuildPhase;
			buildActionMask = 2147483647;
			files = (
				BA4FF6192E30853A00E594A3 /* SharedModule.framework in Frameworks */,
			);
			runOnlyForDeploymentPostprocessing = 0;
		};
		BA4FF5A52E307E3D00E594A3 /* Frameworks */ = {
			isa = PBXFrameworksBuildPhase;
			buildActionMask = 2147483647;
			files = (
			);
			runOnlyForDeploymentPostprocessing = 0;
		};
		BA4FF5AF2E307E3D00E594A3 /* Frameworks */ = {
			isa = PBXFrameworksBuildPhase;
			buildActionMask = 2147483647;
			files = (
			);
			runOnlyForDeploymentPostprocessing = 0;
		};
		BA4FF6012E30853A00E594A3 /* Frameworks */ = {
			isa = PBXFrameworksBuildPhase;
			buildActionMask = 2147483647;
			files = (
			);
			runOnlyForDeploymentPostprocessing = 0;
		};
		BA4FF60B2E30853A00E594A3 /* Frameworks */ = {
			isa = PBXFrameworksBuildPhase;
			buildActionMask = 2147483647;
			files = (
				BA4FF6512E30872B00E594A3 /* SharedModule.framework in Frameworks */,
			);
			runOnlyForDeploymentPostprocessing = 0;
		};
/* End PBXFrameworksBuildPhase section */

/* Begin PBXGroup section */
		BA4FF5892E307E3C00E594A3 = {
			isa = PBXGroup;
			children = (
				BA4FF5942E307E3C00E594A3 /* SwimCraft */,
				BA4FF5AB2E307E3D00E594A3 /* SwimCraftTests */,
				BA4FF5B52E307E3D00E594A3 /* SwimCraftUITests */,
				BA4FF6052E30853A00E594A3 /* SharedModule */,
				BA4FF6142E30853A00E594A3 /* SharedModuleTests */,
				BA4FF6732E30975800E594A3 /* Frameworks */,
				BA4FF5932E307E3C00E594A3 /* Products */,
			);
			sourceTree = "<group>";
		};
		BA4FF5932E307E3C00E594A3 /* Products */ = {
			isa = PBXGroup;
			children = (
				BA4FF5922E307E3C00E594A3 /* SwimCraft.app */,
				BA4FF5A82E307E3D00E594A3 /* SwimCraftTests.xctest */,
				BA4FF5B22E307E3D00E594A3 /* SwimCraftUITests.xctest */,
				BA4FF6042E30853A00E594A3 /* SharedModule.framework */,
				BA4FF60E2E30853A00E594A3 /* SharedModuleTests.xctest */,
			);
			name = Products;
			sourceTree = "<group>";
		};
		BA4FF6732E30975800E594A3 /* Frameworks */ = {
			isa = PBXGroup;
			children = (
			);
			name = Frameworks;
			sourceTree = "<group>";
		};
/* End PBXGroup section */

/* Begin PBXHeadersBuildPhase section */
		BA4FF5FF2E30853A00E594A3 /* Headers */ = {
			isa = PBXHeadersBuildPhase;
			buildActionMask = 2147483647;
			files = (
			);
			runOnlyForDeploymentPostprocessing = 0;
		};
/* End PBXHeadersBuildPhase section */

/* Begin PBXNativeTarget section */
		BA4FF5912E307E3C00E594A3 /* SwimCraft */ = {
			isa = PBXNativeTarget;
			buildConfigurationList = BA4FF5BB2E307E3D00E594A3 /* Build configuration list for PBXNativeTarget "SwimCraft" */;
			buildPhases = (
				BA4FF58E2E307E3C00E594A3 /* Sources */,
				BA4FF58F2E307E3C00E594A3 /* Frameworks */,
				BA4FF5902E307E3C00E594A3 /* Resources */,
				BA4FF5F82E3084AD00E594A3 /* Embed Frameworks */,
				BA4FF64A2E30870100E594A3 /* Embed Watch Content */,
			);
			buildRules = (
			);
			dependencies = (
				BA4FF6182E30853A00E594A3 /* PBXTargetDependency */,
			);
			fileSystemSynchronizedGroups = (
				BA4FF5942E307E3C00E594A3 /* SwimCraft */,
				BA4FF6052E30853A00E594A3 /* SharedModule */,
			);
			name = SwimCraft;
			packageProductDependencies = (
			);
			productName = SwimCraft;
			productReference = BA4FF5922E307E3C00E594A3 /* SwimCraft.app */;
			productType = "com.apple.product-type.application";
		};
		BA4FF5A72E307E3D00E594A3 /* SwimCraftTests */ = {
			isa = PBXNativeTarget;
			buildConfigurationList = BA4FF5C02E307E3D00E594A3 /* Build configuration list for PBXNativeTarget "SwimCraftTests" */;
			buildPhases = (
				BA4FF5A42E307E3D00E594A3 /* Sources */,
				BA4FF5A52E307E3D00E594A3 /* Frameworks */,
				BA4FF5A62E307E3D00E594A3 /* Resources */,
			);
			buildRules = (
			);
			dependencies = (
				BA4FF5AA2E307E3D00E594A3 /* PBXTargetDependency */,
			);
			fileSystemSynchronizedGroups = (
				BA4FF5AB2E307E3D00E594A3 /* SwimCraftTests */,
			);
			name = SwimCraftTests;
			packageProductDependencies = (
			);
			productName = SwimCraftTests;
			productReference = BA4FF5A82E307E3D00E594A3 /* SwimCraftTests.xctest */;
			productType = "com.apple.product-type.bundle.unit-test";
		};
		BA4FF5B12E307E3D00E594A3 /* SwimCraftUITests */ = {
			isa = PBXNativeTarget;
			buildConfigurationList = BA4FF5C32E307E3D00E594A3 /* Build configuration list for PBXNativeTarget "SwimCraftUITests" */;
			buildPhases = (
				BA4FF5AE2E307E3D00E594A3 /* Sources */,
				BA4FF5AF2E307E3D00E594A3 /* Frameworks */,
				BA4FF5B02E307E3D00E594A3 /* Resources */,
			);
			buildRules = (
			);
			dependencies = (
				BA4FF5B42E307E3D00E594A3 /* PBXTargetDependency */,
			);
			fileSystemSynchronizedGroups = (
				BA4FF5B52E307E3D00E594A3 /* SwimCraftUITests */,
			);
			name = SwimCraftUITests;
			packageProductDependencies = (
			);
			productName = SwimCraftUITests;
			productReference = BA4FF5B22E307E3D00E594A3 /* SwimCraftUITests.xctest */;
			productType = "com.apple.product-type.bundle.ui-testing";
		};
		BA4FF6032E30853A00E594A3 /* SharedModule */ = {
			isa = PBXNativeTarget;
			buildConfigurationList = BA4FF61B2E30853A00E594A3 /* Build configuration list for PBXNativeTarget "SharedModule" */;
			buildPhases = (
				BA4FF5FF2E30853A00E594A3 /* Headers */,
				BA4FF6002E30853A00E594A3 /* Sources */,
				BA4FF6012E30853A00E594A3 /* Frameworks */,
				BA4FF6022E30853A00E594A3 /* Resources */,
			);
			buildRules = (
			);
			dependencies = (
			);
			fileSystemSynchronizedGroups = (
				BA4FF6052E30853A00E594A3 /* SharedModule */,
			);
			name = SharedModule;
			packageProductDependencies = (
			);
			productName = SharedModule;
			productReference = BA4FF6042E30853A00E594A3 /* SharedModule.framework */;
			productType = "com.apple.product-type.framework";
		};
		BA4FF60D2E30853A00E594A3 /* SharedModuleTests */ = {
			isa = PBXNativeTarget;
			buildConfigurationList = BA4FF61E2E30853A00E594A3 /* Build configuration list for PBXNativeTarget "SharedModuleTests" */;
			buildPhases = (
				BA4FF60A2E30853A00E594A3 /* Sources */,
				BA4FF60B2E30853A00E594A3 /* Frameworks */,
				BA4FF60C2E30853A00E594A3 /* Resources */,
			);
			buildRules = (
			);
			dependencies = (
				BA4FF6112E30853A00E594A3 /* PBXTargetDependency */,
				BA4FF6132E30853A00E594A3 /* PBXTargetDependency */,
			);
			fileSystemSynchronizedGroups = (
				BA4FF6142E30853A00E594A3 /* SharedModuleTests */,
			);
			name = SharedModuleTests;
			packageProductDependencies = (
			);
			productName = SharedModuleTests;
			productReference = BA4FF60E2E30853A00E594A3 /* SharedModuleTests.xctest */;
			productType = "com.apple.product-type.bundle.unit-test";
		};
/* End PBXNativeTarget section */

/* Begin PBXProject section */
		BA4FF58A2E307E3C00E594A3 /* Project object */ = {
			isa = PBXProject;
			attributes = {
				BuildIndependentTargetsInParallel = 1;
				KnownAssetTags = (
					styleButton,
					typeButton,
				);
				LastSwiftUpdateCheck = 1640;
				LastUpgradeCheck = 1640;
				TargetAttributes = {
					BA4FF5912E307E3C00E594A3 = {
						CreatedOnToolsVersion = 16.4;
					};
					BA4FF5A72E307E3D00E594A3 = {
						CreatedOnToolsVersion = 16.4;
						TestTargetID = BA4FF5912E307E3C00E594A3;
					};
					BA4FF5B12E307E3D00E594A3 = {
						CreatedOnToolsVersion = 16.4;
						TestTargetID = BA4FF5912E307E3C00E594A3;
					};
					BA4FF6032E30853A00E594A3 = {
						CreatedOnToolsVersion = 16.4;
					};
					BA4FF60D2E30853A00E594A3 = {
						CreatedOnToolsVersion = 16.4;
						TestTargetID = BA4FF5912E307E3C00E594A3;
					};
				};
			};
			buildConfigurationList = BA4FF58D2E307E3C00E594A3 /* Build configuration list for PBXProject "SwimCraft" */;
			developmentRegion = en;
			hasScannedForEncodings = 0;
			knownRegions = (
				en,
				Base,
			);
			mainGroup = BA4FF5892E307E3C00E594A3;
			minimizedProjectReferenceProxies = 1;
			preferredProjectObjectVersion = 77;
			productRefGroup = BA4FF5932E307E3C00E594A3 /* Products */;
			projectDirPath = "";
			projectRoot = "";
			targets = (
				BA4FF5912E307E3C00E594A3 /* SwimCraft */,
				BA4FF5A72E307E3D00E594A3 /* SwimCraftTests */,
				BA4FF5B12E307E3D00E594A3 /* SwimCraftUITests */,
				BA4FF6032E30853A00E594A3 /* SharedModule */,
				BA4FF60D2E30853A00E594A3 /* SharedModuleTests */,
			);
		};
/* End PBXProject section */

/* Begin PBXResourcesBuildPhase section */
		BA4FF5902E307E3C00E594A3 /* Resources */ = {
			isa = PBXResourcesBuildPhase;
			buildActionMask = 2147483647;
			files = (
			);
			runOnlyForDeploymentPostprocessing = 0;
		};
		BA4FF5A62E307E3D00E594A3 /* Resources */ = {
			isa = PBXResourcesBuildPhase;
			buildActionMask = 2147483647;
			files = (
			);
			runOnlyForDeploymentPostprocessing = 0;
		};
		BA4FF5B02E307E3D00E594A3 /* Resources */ = {
			isa = PBXResourcesBuildPhase;
			buildActionMask = 2147483647;
			files = (
			);
			runOnlyForDeploymentPostprocessing = 0;
		};
		BA4FF6022E30853A00E594A3 /* Resources */ = {
			isa = PBXResourcesBuildPhase;
			buildActionMask = 2147483647;
			files = (
			);
			runOnlyForDeploymentPostprocessing = 0;
		};
		BA4FF60C2E30853A00E594A3 /* Resources */ = {
			isa = PBXResourcesBuildPhase;
			buildActionMask = 2147483647;
			files = (
			);
			runOnlyForDeploymentPostprocessing = 0;
		};
/* End PBXResourcesBuildPhase section */

/* Begin PBXSourcesBuildPhase section */
		BA4FF58E2E307E3C00E594A3 /* Sources */ = {
			isa = PBXSourcesBuildPhase;
			buildActionMask = 2147483647;
			files = (
			);
			runOnlyForDeploymentPostprocessing = 0;
		};
		BA4FF5A42E307E3D00E594A3 /* Sources */ = {
			isa = PBXSourcesBuildPhase;
			buildActionMask = 2147483647;
			files = (
			);
			runOnlyForDeploymentPostprocessing = 0;
		};
		BA4FF5AE2E307E3D00E594A3 /* Sources */ = {
			isa = PBXSourcesBuildPhase;
			buildActionMask = 2147483647;
			files = (
			);
			runOnlyForDeploymentPostprocessing = 0;
		};
		BA4FF6002E30853A00E594A3 /* Sources */ = {
			isa = PBXSourcesBuildPhase;
			buildActionMask = 2147483647;
			files = (
			);
			runOnlyForDeploymentPostprocessing = 0;
		};
		BA4FF60A2E30853A00E594A3 /* Sources */ = {
			isa = PBXSourcesBuildPhase;
			buildActionMask = 2147483647;
			files = (
			);
			runOnlyForDeploymentPostprocessing = 0;
		};
/* End PBXSourcesBuildPhase section */

/* Begin PBXTargetDependency section */
		BA4FF5AA2E307E3D00E594A3 /* PBXTargetDependency */ = {
			isa = PBXTargetDependency;
			target = BA4FF5912E307E3C00E594A3 /* SwimCraft */;
			targetProxy = BA4FF5A92E307E3D00E594A3 /* PBXContainerItemProxy */;
		};
		BA4FF5B42E307E3D00E594A3 /* PBXTargetDependency */ = {
			isa = PBXTargetDependency;
			target = BA4FF5912E307E3C00E594A3 /* SwimCraft */;
			targetProxy = BA4FF5B32E307E3D00E594A3 /* PBXContainerItemProxy */;
		};
		BA4FF6112E30853A00E594A3 /* PBXTargetDependency */ = {
			isa = PBXTargetDependency;
			target = BA4FF6032E30853A00E594A3 /* SharedModule */;
			targetProxy = BA4FF6102E30853A00E594A3 /* PBXContainerItemProxy */;
		};
		BA4FF6132E30853A00E594A3 /* PBXTargetDependency */ = {
			isa = PBXTargetDependency;
			target = BA4FF5912E307E3C00E594A3 /* SwimCraft */;
			targetProxy = BA4FF6122E30853A00E594A3 /* PBXContainerItemProxy */;
		};
		BA4FF6182E30853A00E594A3 /* PBXTargetDependency */ = {
			isa = PBXTargetDependency;
			target = BA4FF6032E30853A00E594A3 /* SharedModule */;
			targetProxy = BA4FF6172E30853A00E594A3 /* PBXContainerItemProxy */;
		};
/* End PBXTargetDependency section */

/* Begin XCBuildConfiguration section */
		BA4FF5BC2E307E3D00E594A3 /* Debug */ = {
			isa = XCBuildConfiguration;
			buildSettings = {
				ASSETCATALOG_COMPILER_APPICON_NAME = AppIcon;
				ASSETCATALOG_COMPILER_GLOBAL_ACCENT_COLOR_NAME = AccentColor;
				CODE_SIGN_ENTITLEMENTS = SwimCraft/SwimCraftDebug.entitlements;
				CODE_SIGN_STYLE = Automatic;
				CURRENT_PROJECT_VERSION = 1;
				DEVELOPMENT_TEAM = D3758JUXWN;
				GENERATE_INFOPLIST_FILE = YES;
				INFOPLIST_FILE = SwimCraft/Info.plist;
				INFOPLIST_KEY_CFBundleDisplayName = SwimCraft;
				INFOPLIST_KEY_LSApplicationCategoryType = "public.app-category.healthcare-fitness";
				INFOPLIST_KEY_UIApplicationSupportsIndirectInputEvents = YES;
				INFOPLIST_KEY_UILaunchStoryboardName = LaunchScreen;
				INFOPLIST_KEY_UIMainStoryboardFile = Main;
				INFOPLIST_KEY_UISupportedInterfaceOrientations_iPad = "UIInterfaceOrientationPortrait UIInterfaceOrientationPortraitUpsideDown UIInterfaceOrientationLandscapeLeft UIInterfaceOrientationLandscapeRight";
				INFOPLIST_KEY_UISupportedInterfaceOrientations_iPhone = "UIInterfaceOrientationPortrait UIInterfaceOrientationLandscapeLeft UIInterfaceOrientationLandscapeRight";
				LD_RUNPATH_SEARCH_PATHS = (
					"$(inherited)",
					"@executable_path/Frameworks",
				);
				MARKETING_VERSION = 1.0;
				PRODUCT_BUNDLE_IDENTIFIER = com.RavenDesign.testApp.SwimCraft;
				PRODUCT_NAME = "$(TARGET_NAME)";
				SWIFT_EMIT_LOC_STRINGS = YES;
				SWIFT_VERSION = 5.0;
				TARGETED_DEVICE_FAMILY = "1,2";
			};
			name = Debug;
		};
		BA4FF5BD2E307E3D00E594A3 /* Release */ = {
			isa = XCBuildConfiguration;
			buildSettings = {
				ASSETCATALOG_COMPILER_APPICON_NAME = AppIcon;
				ASSETCATALOG_COMPILER_GLOBAL_ACCENT_COLOR_NAME = AccentColor;
				CODE_SIGN_STYLE = Automatic;
				CURRENT_PROJECT_VERSION = 1;
				DEVELOPMENT_TEAM = D3758JUXWN;
				GENERATE_INFOPLIST_FILE = YES;
				INFOPLIST_FILE = SwimCraft/Info.plist;
				INFOPLIST_KEY_CFBundleDisplayName = SwimCraft;
				INFOPLIST_KEY_LSApplicationCategoryType = "public.app-category.healthcare-fitness";
				INFOPLIST_KEY_UIApplicationSupportsIndirectInputEvents = YES;
				INFOPLIST_KEY_UILaunchStoryboardName = LaunchScreen;
				INFOPLIST_KEY_UIMainStoryboardFile = Main;
				INFOPLIST_KEY_UISupportedInterfaceOrientations_iPad = "UIInterfaceOrientationPortrait UIInterfaceOrientationPortraitUpsideDown UIInterfaceOrientationLandscapeLeft UIInterfaceOrientationLandscapeRight";
				INFOPLIST_KEY_UISupportedInterfaceOrientations_iPhone = "UIInterfaceOrientationPortrait UIInterfaceOrientationLandscapeLeft UIInterfaceOrientationLandscapeRight";
				LD_RUNPATH_SEARCH_PATHS = (
					"$(inherited)",
					"@executable_path/Frameworks",
				);
				MARKETING_VERSION = 1.0;
				PRODUCT_BUNDLE_IDENTIFIER = com.RavenDesign.testApp.SwimCraft;
				PRODUCT_NAME = "$(TARGET_NAME)";
				SWIFT_EMIT_LOC_STRINGS = YES;
				SWIFT_VERSION = 5.0;
				TARGETED_DEVICE_FAMILY = "1,2";
			};
			name = Release;
		};
		BA4FF5BE2E307E3D00E594A3 /* Debug */ = {
			isa = XCBuildConfiguration;
			buildSettings = {
				ALWAYS_SEARCH_USER_PATHS = NO;
				ASSETCATALOG_COMPILER_GENERATE_SWIFT_ASSET_SYMBOL_EXTENSIONS = YES;
				CLANG_ANALYZER_NONNULL = YES;
				CLANG_ANALYZER_NUMBER_OBJECT_CONVERSION = YES_AGGRESSIVE;
				CLANG_CXX_LANGUAGE_STANDARD = "gnu++20";
				CLANG_ENABLE_MODULES = YES;
				CLANG_ENABLE_OBJC_ARC = YES;
				CLANG_ENABLE_OBJC_WEAK = YES;
				CLANG_WARN_BLOCK_CAPTURE_AUTORELEASING = YES;
				CLANG_WARN_BOOL_CONVERSION = YES;
				CLANG_WARN_COMMA = YES;
				CLANG_WARN_CONSTANT_CONVERSION = YES;
				CLANG_WARN_DEPRECATED_OBJC_IMPLEMENTATIONS = YES;
				CLANG_WARN_DIRECT_OBJC_ISA_USAGE = YES_ERROR;
				CLANG_WARN_DOCUMENTATION_COMMENTS = YES;
				CLANG_WARN_EMPTY_BODY = YES;
				CLANG_WARN_ENUM_CONVERSION = YES;
				CLANG_WARN_INFINITE_RECURSION = YES;
				CLANG_WARN_INT_CONVERSION = YES;
				CLANG_WARN_NON_LITERAL_NULL_CONVERSION = YES;
				CLANG_WARN_OBJC_IMPLICIT_RETAIN_SELF = YES;
				CLANG_WARN_OBJC_LITERAL_CONVERSION = YES;
				CLANG_WARN_OBJC_ROOT_CLASS = YES_ERROR;
				CLANG_WARN_QUOTED_INCLUDE_IN_FRAMEWORK_HEADER = YES;
				CLANG_WARN_RANGE_LOOP_ANALYSIS = YES;
				CLANG_WARN_STRICT_PROTOTYPES = YES;
				CLANG_WARN_SUSPICIOUS_MOVE = YES;
				CLANG_WARN_UNGUARDED_AVAILABILITY = YES_AGGRESSIVE;
				CLANG_WARN_UNREACHABLE_CODE = YES;
				CLANG_WARN__DUPLICATE_METHOD_MATCH = YES;
				COPY_PHASE_STRIP = NO;
				DEBUG_INFORMATION_FORMAT = dwarf;
				DEVELOPMENT_TEAM = D3758JUXWN;
				ENABLE_STRICT_OBJC_MSGSEND = YES;
				ENABLE_TESTABILITY = YES;
				ENABLE_USER_SCRIPT_SANDBOXING = YES;
				GCC_C_LANGUAGE_STANDARD = gnu17;
				GCC_DYNAMIC_NO_PIC = NO;
				GCC_NO_COMMON_BLOCKS = YES;
				GCC_OPTIMIZATION_LEVEL = 0;
				GCC_PREPROCESSOR_DEFINITIONS = (
					"DEBUG=1",
					"$(inherited)",
				);
				GCC_WARN_64_TO_32_BIT_CONVERSION = YES;
				GCC_WARN_ABOUT_RETURN_TYPE = YES_ERROR;
				GCC_WARN_UNDECLARED_SELECTOR = YES;
				GCC_WARN_UNINITIALIZED_AUTOS = YES_AGGRESSIVE;
				GCC_WARN_UNUSED_FUNCTION = YES;
				GCC_WARN_UNUSED_VARIABLE = YES;
				IPHONEOS_DEPLOYMENT_TARGET = 18.5;
				LOCALIZATION_PREFERS_STRING_CATALOGS = YES;
				MTL_ENABLE_DEBUG_INFO = INCLUDE_SOURCE;
				MTL_FAST_MATH = YES;
				ONLY_ACTIVE_ARCH = YES;
				SDKROOT = iphoneos;
				SWIFT_ACTIVE_COMPILATION_CONDITIONS = "DEBUG $(inherited)";
				SWIFT_OPTIMIZATION_LEVEL = "-Onone";
			};
			name = Debug;
		};
		BA4FF5BF2E307E3D00E594A3 /* Release */ = {
			isa = XCBuildConfiguration;
			buildSettings = {
				ALWAYS_SEARCH_USER_PATHS = NO;
				ASSETCATALOG_COMPILER_GENERATE_SWIFT_ASSET_SYMBOL_EXTENSIONS = YES;
				CLANG_ANALYZER_NONNULL = YES;
				CLANG_ANALYZER_NUMBER_OBJECT_CONVERSION = YES_AGGRESSIVE;
				CLANG_CXX_LANGUAGE_STANDARD = "gnu++20";
				CLANG_ENABLE_MODULES = YES;
				CLANG_ENABLE_OBJC_ARC = YES;
				CLANG_ENABLE_OBJC_WEAK = YES;
				CLANG_WARN_BLOCK_CAPTURE_AUTORELEASING = YES;
				CLANG_WARN_BOOL_CONVERSION = YES;
				CLANG_WARN_COMMA = YES;
				CLANG_WARN_CONSTANT_CONVERSION = YES;
				CLANG_WARN_DEPRECATED_OBJC_IMPLEMENTATIONS = YES;
				CLANG_WARN_DIRECT_OBJC_ISA_USAGE = YES_ERROR;
				CLANG_WARN_DOCUMENTATION_COMMENTS = YES;
				CLANG_WARN_EMPTY_BODY = YES;
				CLANG_WARN_ENUM_CONVERSION = YES;
				CLANG_WARN_INFINITE_RECURSION = YES;
				CLANG_WARN_INT_CONVERSION = YES;
				CLANG_WARN_NON_LITERAL_NULL_CONVERSION = YES;
				CLANG_WARN_OBJC_IMPLICIT_RETAIN_SELF = YES;
				CLANG_WARN_OBJC_LITERAL_CONVERSION = YES;
				CLANG_WARN_OBJC_ROOT_CLASS = YES_ERROR;
				CLANG_WARN_QUOTED_INCLUDE_IN_FRAMEWORK_HEADER = YES;
				CLANG_WARN_RANGE_LOOP_ANALYSIS = YES;
				CLANG_WARN_STRICT_PROTOTYPES = YES;
				CLANG_WARN_SUSPICIOUS_MOVE = YES;
				CLANG_WARN_UNGUARDED_AVAILABILITY = YES_AGGRESSIVE;
				CLANG_WARN_UNREACHABLE_CODE = YES;
				CLANG_WARN__DUPLICATE_METHOD_MATCH = YES;
				COPY_PHASE_STRIP = NO;
				DEBUG_INFORMATION_FORMAT = "dwarf-with-dsym";
				DEVELOPMENT_TEAM = D3758JUXWN;
				ENABLE_NS_ASSERTIONS = NO;
				ENABLE_STRICT_OBJC_MSGSEND = YES;
				ENABLE_USER_SCRIPT_SANDBOXING = YES;
				GCC_C_LANGUAGE_STANDARD = gnu17;
				GCC_NO_COMMON_BLOCKS = YES;
				GCC_WARN_64_TO_32_BIT_CONVERSION = YES;
				GCC_WARN_ABOUT_RETURN_TYPE = YES_ERROR;
				GCC_WARN_UNDECLARED_SELECTOR = YES;
				GCC_WARN_UNINITIALIZED_AUTOS = YES_AGGRESSIVE;
				GCC_WARN_UNUSED_FUNCTION = YES;
				GCC_WARN_UNUSED_VARIABLE = YES;
				IPHONEOS_DEPLOYMENT_TARGET = 18.5;
				LOCALIZATION_PREFERS_STRING_CATALOGS = YES;
				MTL_ENABLE_DEBUG_INFO = NO;
				MTL_FAST_MATH = YES;
				SDKROOT = iphoneos;
				SWIFT_COMPILATION_MODE = wholemodule;
				VALIDATE_PRODUCT = YES;
			};
			name = Release;
		};
		BA4FF5C12E307E3D00E594A3 /* Debug */ = {
			isa = XCBuildConfiguration;
			buildSettings = {
				BUNDLE_LOADER = "$(TEST_HOST)";
				CODE_SIGN_STYLE = Automatic;
				CURRENT_PROJECT_VERSION = 1;
				DEVELOPMENT_TEAM = D3758JUXWN;
				GENERATE_INFOPLIST_FILE = YES;
				IPHONEOS_DEPLOYMENT_TARGET = 18.5;
				MARKETING_VERSION = 1.0;
				PRODUCT_BUNDLE_IDENTIFIER = com.RavenDesign.testApp.SwimCraftTests;
				PRODUCT_NAME = "$(TARGET_NAME)";
				SWIFT_EMIT_LOC_STRINGS = NO;
				SWIFT_VERSION = 5.0;
				TARGETED_DEVICE_FAMILY = "1,2";
				TEST_HOST = "$(BUILT_PRODUCTS_DIR)/SwimCraft.app/$(BUNDLE_EXECUTABLE_FOLDER_PATH)/SwimCraft";
			};
			name = Debug;
		};
		BA4FF5C22E307E3D00E594A3 /* Release */ = {
			isa = XCBuildConfiguration;
			buildSettings = {
				BUNDLE_LOADER = "$(TEST_HOST)";
				CODE_SIGN_STYLE = Automatic;
				CURRENT_PROJECT_VERSION = 1;
				DEVELOPMENT_TEAM = D3758JUXWN;
				GENERATE_INFOPLIST_FILE = YES;
				IPHONEOS_DEPLOYMENT_TARGET = 18.5;
				MARKETING_VERSION = 1.0;
				PRODUCT_BUNDLE_IDENTIFIER = com.RavenDesign.testApp.SwimCraftTests;
				PRODUCT_NAME = "$(TARGET_NAME)";
				SWIFT_EMIT_LOC_STRINGS = NO;
				SWIFT_VERSION = 5.0;
				TARGETED_DEVICE_FAMILY = "1,2";
				TEST_HOST = "$(BUILT_PRODUCTS_DIR)/SwimCraft.app/$(BUNDLE_EXECUTABLE_FOLDER_PATH)/SwimCraft";
			};
			name = Release;
		};
		BA4FF5C42E307E3D00E594A3 /* Debug */ = {
			isa = XCBuildConfiguration;
			buildSettings = {
				CODE_SIGN_STYLE = Automatic;
				CURRENT_PROJECT_VERSION = 1;
				DEVELOPMENT_TEAM = D3758JUXWN;
				GENERATE_INFOPLIST_FILE = YES;
				MARKETING_VERSION = 1.0;
				PRODUCT_BUNDLE_IDENTIFIER = com.RavenDesign.testApp.SwimCraftUITests;
				PRODUCT_NAME = "$(TARGET_NAME)";
				SWIFT_EMIT_LOC_STRINGS = NO;
				SWIFT_VERSION = 5.0;
				TARGETED_DEVICE_FAMILY = "1,2";
				TEST_TARGET_NAME = SwimCraft;
			};
			name = Debug;
		};
		BA4FF5C52E307E3D00E594A3 /* Release */ = {
			isa = XCBuildConfiguration;
			buildSettings = {
				CODE_SIGN_STYLE = Automatic;
				CURRENT_PROJECT_VERSION = 1;
				DEVELOPMENT_TEAM = D3758JUXWN;
				GENERATE_INFOPLIST_FILE = YES;
				MARKETING_VERSION = 1.0;
				PRODUCT_BUNDLE_IDENTIFIER = com.RavenDesign.testApp.SwimCraftUITests;
				PRODUCT_NAME = "$(TARGET_NAME)";
				SWIFT_EMIT_LOC_STRINGS = NO;
				SWIFT_VERSION = 5.0;
				TARGETED_DEVICE_FAMILY = "1,2";
				TEST_TARGET_NAME = SwimCraft;
			};
			name = Release;
		};
		BA4FF61C2E30853A00E594A3 /* Debug */ = {
			isa = XCBuildConfiguration;
			buildSettings = {
				BUILD_LIBRARY_FOR_DISTRIBUTION = YES;
				CODE_SIGN_STYLE = Automatic;
				CURRENT_PROJECT_VERSION = 1;
				DEVELOPMENT_TEAM = D3758JUXWN;
				DYLIB_COMPATIBILITY_VERSION = 1;
				DYLIB_CURRENT_VERSION = 1;
				DYLIB_INSTALL_NAME_BASE = "@rpath";
				ENABLE_MODULE_VERIFIER = YES;
				GENERATE_INFOPLIST_FILE = YES;
				INFOPLIST_KEY_NSHumanReadableCopyright = "";
				INSTALL_PATH = "$(LOCAL_LIBRARY_DIR)/Frameworks";
				LD_RUNPATH_SEARCH_PATHS = (
					"$(inherited)",
					"@executable_path/Frameworks",
					"@loader_path/Frameworks",
				);
				MARKETING_VERSION = 1.0;
				MODULE_VERIFIER_SUPPORTED_LANGUAGES = "objective-c objective-c++";
				MODULE_VERIFIER_SUPPORTED_LANGUAGE_STANDARDS = "gnu17 gnu++20";
				PRODUCT_BUNDLE_IDENTIFIER = com.RavenDesign.testApp.SharedModule;
				PRODUCT_NAME = "$(TARGET_NAME:c99extidentifier)";
				SKIP_INSTALL = YES;
				SWIFT_EMIT_LOC_STRINGS = YES;
				SWIFT_INSTALL_MODULE = YES;
				SWIFT_INSTALL_OBJC_HEADER = NO;
				SWIFT_VERSION = 5.0;
				TARGETED_DEVICE_FAMILY = "1,2";
				VERSIONING_SYSTEM = "apple-generic";
				VERSION_INFO_PREFIX = "";
			};
			name = Debug;
		};
		BA4FF61D2E30853A00E594A3 /* Release */ = {
			isa = XCBuildConfiguration;
			buildSettings = {
				BUILD_LIBRARY_FOR_DISTRIBUTION = YES;
				CODE_SIGN_STYLE = Automatic;
				CURRENT_PROJECT_VERSION = 1;
				DEVELOPMENT_TEAM = D3758JUXWN;
				DYLIB_COMPATIBILITY_VERSION = 1;
				DYLIB_CURRENT_VERSION = 1;
				DYLIB_INSTALL_NAME_BASE = "@rpath";
				ENABLE_MODULE_VERIFIER = YES;
				GENERATE_INFOPLIST_FILE = YES;
				INFOPLIST_KEY_NSHumanReadableCopyright = "";
				INSTALL_PATH = "$(LOCAL_LIBRARY_DIR)/Frameworks";
				LD_RUNPATH_SEARCH_PATHS = (
					"$(inherited)",
					"@executable_path/Frameworks",
					"@loader_path/Frameworks",
				);
				MARKETING_VERSION = 1.0;
				MODULE_VERIFIER_SUPPORTED_LANGUAGES = "objective-c objective-c++";
				MODULE_VERIFIER_SUPPORTED_LANGUAGE_STANDARDS = "gnu17 gnu++20";
				PRODUCT_BUNDLE_IDENTIFIER = com.RavenDesign.testApp.SharedModule;
				PRODUCT_NAME = "$(TARGET_NAME:c99extidentifier)";
				SKIP_INSTALL = YES;
				SWIFT_EMIT_LOC_STRINGS = YES;
				SWIFT_INSTALL_MODULE = YES;
				SWIFT_INSTALL_OBJC_HEADER = NO;
				SWIFT_VERSION = 5.0;
				TARGETED_DEVICE_FAMILY = "1,2";
				VERSIONING_SYSTEM = "apple-generic";
				VERSION_INFO_PREFIX = "";
			};
			name = Release;
		};
		BA4FF61F2E30853A00E594A3 /* Debug */ = {
			isa = XCBuildConfiguration;
			buildSettings = {
				CODE_SIGN_STYLE = Automatic;
				CURRENT_PROJECT_VERSION = 1;
				DEVELOPMENT_TEAM = D3758JUXWN;
				GENERATE_INFOPLIST_FILE = YES;
				MARKETING_VERSION = 1.0;
				PRODUCT_BUNDLE_IDENTIFIER = com.RavenDesign.testApp.SharedModuleTests;
				PRODUCT_NAME = "$(TARGET_NAME)";
				SWIFT_EMIT_LOC_STRINGS = NO;
				SWIFT_VERSION = 5.0;
				TARGETED_DEVICE_FAMILY = "1,2";
				TEST_HOST = "$(BUILT_PRODUCTS_DIR)/SwimCraft.app/$(BUNDLE_EXECUTABLE_FOLDER_PATH)/SwimCraft";
			};
			name = Debug;
		};
		BA4FF6202E30853A00E594A3 /* Release */ = {
			isa = XCBuildConfiguration;
			buildSettings = {
				CODE_SIGN_STYLE = Automatic;
				CURRENT_PROJECT_VERSION = 1;
				DEVELOPMENT_TEAM = D3758JUXWN;
				GENERATE_INFOPLIST_FILE = YES;
				MARKETING_VERSION = 1.0;
				PRODUCT_BUNDLE_IDENTIFIER = com.RavenDesign.testApp.SharedModuleTests;
				PRODUCT_NAME = "$(TARGET_NAME)";
				SWIFT_EMIT_LOC_STRINGS = NO;
				SWIFT_VERSION = 5.0;
				TARGETED_DEVICE_FAMILY = "1,2";
				TEST_HOST = "$(BUILT_PRODUCTS_DIR)/SwimCraft.app/$(BUNDLE_EXECUTABLE_FOLDER_PATH)/SwimCraft";
			};
			name = Release;
		};
/* End XCBuildConfiguration section */

/* Begin XCConfigurationList section */
		BA4FF58D2E307E3C00E594A3 /* Build configuration list for PBXProject "SwimCraft" */ = {
			isa = XCConfigurationList;
			buildConfigurations = (
				BA4FF5BE2E307E3D00E594A3 /* Debug */,
				BA4FF5BF2E307E3D00E594A3 /* Release */,
			);
			defaultConfigurationIsVisible = 0;
			defaultConfigurationName = Release;
		};
		BA4FF5BB2E307E3D00E594A3 /* Build configuration list for PBXNativeTarget "SwimCraft" */ = {
			isa = XCConfigurationList;
			buildConfigurations = (
				BA4FF5BC2E307E3D00E594A3 /* Debug */,
				BA4FF5BD2E307E3D00E594A3 /* Release */,
			);
			defaultConfigurationIsVisible = 0;
			defaultConfigurationName = Release;
		};
		BA4FF5C02E307E3D00E594A3 /* Build configuration list for PBXNativeTarget "SwimCraftTests" */ = {
			isa = XCConfigurationList;
			buildConfigurations = (
				BA4FF5C12E307E3D00E594A3 /* Debug */,
				BA4FF5C22E307E3D00E594A3 /* Release */,
			);
			defaultConfigurationIsVisible = 0;
			defaultConfigurationName = Release;
		};
		BA4FF5C32E307E3D00E594A3 /* Build configuration list for PBXNativeTarget "SwimCraftUITests" */ = {
			isa = XCConfigurationList;
			buildConfigurations = (
				BA4FF5C42E307E3D00E594A3 /* Debug */,
				BA4FF5C52E307E3D00E594A3 /* Release */,
			);
			defaultConfigurationIsVisible = 0;
			defaultConfigurationName = Release;
		};
		BA4FF61B2E30853A00E594A3 /* Build configuration list for PBXNativeTarget "SharedModule" */ = {
			isa = XCConfigurationList;
			buildConfigurations = (
				BA4FF61C2E30853A00E594A3 /* Debug */,
				BA4FF61D2E30853A00E594A3 /* Release */,
			);
			defaultConfigurationIsVisible = 0;
			defaultConfigurationName = Release;
		};
		BA4FF61E2E30853A00E594A3 /* Build configuration list for PBXNativeTarget "SharedModuleTests" */ = {
			isa = XCConfigurationList;
			buildConfigurations = (
				BA4FF61F2E30853A00E594A3 /* Debug */,
				BA4FF6202E30853A00E594A3 /* Release */,
			);
			defaultConfigurationIsVisible = 0;
			defaultConfigurationName = Release;
		};
/* End XCConfigurationList section */
	};
	rootObject = BA4FF58A2E307E3C00E594A3 /* Project object */;
}
