// !$*UTF8*$!
{
	archiveVersion = 1;
	classes = {
	};
	objectVersion = 77;
	objects = {

/* Begin PBXBuildFile section */
		BABA27B32E5693A900BDF824 /* SharedModule.framework in Frameworks */ = {isa = PBXBuildFile; fileRef = BABA27A82E5693A800BDF824 /* SharedModule.framework */; };
		BABA27BD2E5693A900BDF824 /* SharedModule.framework in Frameworks */ = {isa = PBXBuildFile; fileRef = BABA27A82E5693A800BDF824 /* SharedModule.framework */; };
		BABA27BE2E5693A900BDF824 /* SharedModule.framework in Embed Frameworks */ = {isa = PBXBuildFile; fileRef = BABA27A82E5693A800BDF824 /* SharedModule.framework */; settings = {ATTRIBUTES = (CodeSignOnCopy, RemoveHeadersOnCopy, ); }; };
/* End PBXBuildFile section */

/* Begin PBXContainerItemProxy section */
		BABA272E2E56917D00BDF824 /* PBXContainerItemProxy */ = {
			isa = PBXContainerItemProxy;
			containerPortal = BABA27182E56917B00BDF824 /* Project object */;
			proxyType = 1;
			remoteGlobalIDString = BABA271F2E56917B00BDF824;
			remoteInfo = SwimCraft;
		};
		BABA27382E56917D00BDF824 /* PBXContainerItemProxy */ = {
			isa = PBXContainerItemProxy;
			containerPortal = BABA27182E56917B00BDF824 /* Project object */;
			proxyType = 1;
			remoteGlobalIDString = BABA271F2E56917B00BDF824;
			remoteInfo = SwimCraft;
		};
		BABA27B42E5693A900BDF824 /* PBXContainerItemProxy */ = {
			isa = PBXContainerItemProxy;
			containerPortal = BABA27182E56917B00BDF824 /* Project object */;
			proxyType = 1;
			remoteGlobalIDString = BABA27A72E5693A800BDF824;
			remoteInfo = SharedModule;
		};
		BABA27B62E5693A900BDF824 /* PBXContainerItemProxy */ = {
			isa = PBXContainerItemProxy;
			containerPortal = BABA27182E56917B00BDF824 /* Project object */;
			proxyType = 1;
			remoteGlobalIDString = BABA271F2E56917B00BDF824;
			remoteInfo = SwimCraft;
		};
		BABA27BB2E5693A900BDF824 /* PBXContainerItemProxy */ = {
			isa = PBXContainerItemProxy;
			containerPortal = BABA27182E56917B00BDF824 /* Project object */;
			proxyType = 1;
			remoteGlobalIDString = BABA27A72E5693A800BDF824;
			remoteInfo = SharedModule;
		};
/* End PBXContainerItemProxy section */

/* Begin PBXCopyFilesBuildPhase section */
		BABA27C22E5693A900BDF824 /* Embed Frameworks */ = {
			isa = PBXCopyFilesBuildPhase;
			buildActionMask = 2147483647;
			dstPath = "";
			dstSubfolderSpec = 10;
			files = (
				BABA27BE2E5693A900BDF824 /* SharedModule.framework in Embed Frameworks */,
			);
			name = "Embed Frameworks";
			runOnlyForDeploymentPostprocessing = 0;
		};
/* End PBXCopyFilesBuildPhase section */

/* Begin PBXFileReference section */
		BABA27202E56917B00BDF824 /* SwimCraft.app */ = {isa = PBXFileReference; explicitFileType = wrapper.application; includeInIndex = 0; path = SwimCraft.app; sourceTree = BUILT_PRODUCTS_DIR; };
		BABA272D2E56917D00BDF824 /* SwimCraftTests.xctest */ = {isa = PBXFileReference; explicitFileType = wrapper.cfbundle; includeInIndex = 0; path = SwimCraftTests.xctest; sourceTree = BUILT_PRODUCTS_DIR; };
		BABA27372E56917D00BDF824 /* SwimCraftUITests.xctest */ = {isa = PBXFileReference; explicitFileType = wrapper.cfbundle; includeInIndex = 0; path = SwimCraftUITests.xctest; sourceTree = BUILT_PRODUCTS_DIR; };
		BABA27A82E5693A800BDF824 /* SharedModule.framework */ = {isa = PBXFileReference; explicitFileType = wrapper.framework; includeInIndex = 0; path = SharedModule.framework; sourceTree = BUILT_PRODUCTS_DIR; };
		BABA27B22E5693A900BDF824 /* SharedModuleTests.xctest */ = {isa = PBXFileReference; explicitFileType = wrapper.cfbundle; includeInIndex = 0; path = SharedModuleTests.xctest; sourceTree = BUILT_PRODUCTS_DIR; };
/* End PBXFileReference section */

/* Begin PBXFileSystemSynchronizedBuildFileExceptionSet section */
		BA574AAA2E5698F8000FD627 /* Exceptions for "SwimCraft" folder in "SwimCraft" target */ = {
			isa = PBXFileSystemSynchronizedBuildFileExceptionSet;
			membershipExceptions = (
				Info.plist,
			);
			target = BABA271F2E56917B00BDF824 /* SwimCraft */;
		};
		BA574AAD2E569C1C000FD627 /* Exceptions for "SharedModule" folder in "SwimCraft" target */ = {
			isa = PBXFileSystemSynchronizedBuildFileExceptionSet;
			membershipExceptions = (
				PersistenceController.swift,
				SharedModels.swift,
			);
			target = BABA271F2E56917B00BDF824 /* SwimCraft */;
		};
/* End PBXFileSystemSynchronizedBuildFileExceptionSet section */

/* Begin PBXFileSystemSynchronizedRootGroup section */
		BABA27222E56917B00BDF824 /* SwimCraft */ = {
			isa = PBXFileSystemSynchronizedRootGroup;
			exceptions = (
				BA574AAA2E5698F8000FD627 /* Exceptions for "SwimCraft" folder in "SwimCraft" target */,
			);
			path = SwimCraft;
			sourceTree = "<group>";
		};
		BABA27302E56917D00BDF824 /* SwimCraftTests */ = {
			isa = PBXFileSystemSynchronizedRootGroup;
			path = SwimCraftTests;
			sourceTree = "<group>";
		};
		BABA273A2E56917D00BDF824 /* SwimCraftUITests */ = {
			isa = PBXFileSystemSynchronizedRootGroup;
			path = SwimCraftUITests;
			sourceTree = "<group>";
		};
		BABA27A92E5693A800BDF824 /* SharedModule */ = {
			isa = PBXFileSystemSynchronizedRootGroup;
			exceptions = (
				BA574AAD2E569C1C000FD627 /* Exceptions for "SharedModule" folder in "SwimCraft" target */,
			);
			path = SharedModule;
			sourceTree = "<group>";
		};
		BABA27B82E5693A900BDF824 /* SharedModuleTests */ = {
			isa = PBXFileSystemSynchronizedRootGroup;
			path = SharedModuleTests;
			sourceTree = "<group>";
		};
/* End PBXFileSystemSynchronizedRootGroup section */

/* Begin PBXFrameworksBuildPhase section */
		BABA271D2E56917B00BDF824 /* Frameworks */ = {
			isa = PBXFrameworksBuildPhase;
			buildActionMask = 2147483647;
			files = (
				BABA27BD2E5693A900BDF824 /* SharedModule.framework in Frameworks */,
			);
			runOnlyForDeploymentPostprocessing = 0;
		};
		BABA272A2E56917D00BDF824 /* Frameworks */ = {
			isa = PBXFrameworksBuildPhase;
			buildActionMask = 2147483647;
			files = (
			);
			runOnlyForDeploymentPostprocessing = 0;
		};
		BABA27342E56917D00BDF824 /* Frameworks */ = {
			isa = PBXFrameworksBuildPhase;
			buildActionMask = 2147483647;
			files = (
			);
			runOnlyForDeploymentPostprocessing = 0;
		};
		BABA27A52E5693A800BDF824 /* Frameworks */ = {
			isa = PBXFrameworksBuildPhase;
			buildActionMask = 2147483647;
			files = (
			);
			runOnlyForDeploymentPostprocessing = 0;
		};
		BABA27AF2E5693A900BDF824 /* Frameworks */ = {
			isa = PBXFrameworksBuildPhase;
			buildActionMask = 2147483647;
			files = (
				BABA27B32E5693A900BDF824 /* SharedModule.framework in Frameworks */,
			);
			runOnlyForDeploymentPostprocessing = 0;
		};
/* End PBXFrameworksBuildPhase section */

/* Begin PBXGroup section */
		BABA27172E56917B00BDF824 = {
			isa = PBXGroup;
			children = (
				BABA27222E56917B00BDF824 /* SwimCraft */,
				BABA27302E56917D00BDF824 /* SwimCraftTests */,
				BABA273A2E56917D00BDF824 /* SwimCraftUITests */,
				BABA27A92E5693A800BDF824 /* SharedModule */,
				BABA27B82E5693A900BDF824 /* SharedModuleTests */,
				BABA27212E56917B00BDF824 /* Products */,
			);
			sourceTree = "<group>";
		};
		BABA27212E56917B00BDF824 /* Products */ = {
			isa = PBXGroup;
			children = (
				BABA27202E56917B00BDF824 /* SwimCraft.app */,
				BABA272D2E56917D00BDF824 /* SwimCraftTests.xctest */,
				BABA27372E56917D00BDF824 /* SwimCraftUITests.xctest */,
				BABA27A82E5693A800BDF824 /* SharedModule.framework */,
				BABA27B22E5693A900BDF824 /* SharedModuleTests.xctest */,
			);
			name = Products;
			sourceTree = "<group>";
		};
/* End PBXGroup section */

/* Begin PBXHeadersBuildPhase section */
		BABA27A32E5693A800BDF824 /* Headers */ = {
			isa = PBXHeadersBuildPhase;
			buildActionMask = 2147483647;
			files = (
			);
			runOnlyForDeploymentPostprocessing = 0;
		};
/* End PBXHeadersBuildPhase section */

/* Begin PBXNativeTarget section */
		BABA271F2E56917B00BDF824 /* SwimCraft */ = {
			isa = PBXNativeTarget;
			buildConfigurationList = BABA27412E56917D00BDF824 /* Build configuration list for PBXNativeTarget "SwimCraft" */;
			buildPhases = (
				BABA271C2E56917B00BDF824 /* Sources */,
				BABA271D2E56917B00BDF824 /* Frameworks */,
				BABA271E2E56917B00BDF824 /* Resources */,
				BABA27C22E5693A900BDF824 /* Embed Frameworks */,
			);
			buildRules = (
			);
			dependencies = (
				BABA27BC2E5693A900BDF824 /* PBXTargetDependency */,
			);
			fileSystemSynchronizedGroups = (
				BABA27222E56917B00BDF824 /* SwimCraft */,
			);
			name = SwimCraft;
			packageProductDependencies = (
			);
			productName = SwimCraft;
			productReference = BABA27202E56917B00BDF824 /* SwimCraft.app */;
			productType = "com.apple.product-type.application";
		};
		BABA272C2E56917D00BDF824 /* SwimCraftTests */ = {
			isa = PBXNativeTarget;
			buildConfigurationList = BABA27442E56917D00BDF824 /* Build configuration list for PBXNativeTarget "SwimCraftTests" */;
			buildPhases = (
				BABA27292E56917D00BDF824 /* Sources */,
				BABA272A2E56917D00BDF824 /* Frameworks */,
				BABA272B2E56917D00BDF824 /* Resources */,
			);
			buildRules = (
			);
			dependencies = (
				BABA272F2E56917D00BDF824 /* PBXTargetDependency */,
			);
			fileSystemSynchronizedGroups = (
				BABA27302E56917D00BDF824 /* SwimCraftTests */,
			);
			name = SwimCraftTests;
			packageProductDependencies = (
			);
			productName = SwimCraftTests;
			productReference = BABA272D2E56917D00BDF824 /* SwimCraftTests.xctest */;
			productType = "com.apple.product-type.bundle.unit-test";
		};
		BABA27362E56917D00BDF824 /* SwimCraftUITests */ = {
			isa = PBXNativeTarget;
			buildConfigurationList = BABA27472E56917D00BDF824 /* Build configuration list for PBXNativeTarget "SwimCraftUITests" */;
			buildPhases = (
				BABA27332E56917D00BDF824 /* Sources */,
				BABA27342E56917D00BDF824 /* Frameworks */,
				BABA27352E56917D00BDF824 /* Resources */,
			);
			buildRules = (
			);
			dependencies = (
				BABA27392E56917D00BDF824 /* PBXTargetDependency */,
			);
			fileSystemSynchronizedGroups = (
				BABA273A2E56917D00BDF824 /* SwimCraftUITests */,
			);
			name = SwimCraftUITests;
			packageProductDependencies = (
			);
			productName = SwimCraftUITests;
			productReference = BABA27372E56917D00BDF824 /* SwimCraftUITests.xctest */;
			productType = "com.apple.product-type.bundle.ui-testing";
		};
		BABA27A72E5693A800BDF824 /* SharedModule */ = {
			isa = PBXNativeTarget;
			buildConfigurationList = BABA27BF2E5693A900BDF824 /* Build configuration list for PBXNativeTarget "SharedModule" */;
			buildPhases = (
				BABA27A32E5693A800BDF824 /* Headers */,
				BABA27A42E5693A800BDF824 /* Sources */,
				BABA27A52E5693A800BDF824 /* Frameworks */,
				BABA27A62E5693A800BDF824 /* Resources */,
			);
			buildRules = (
			);
			dependencies = (
			);
			fileSystemSynchronizedGroups = (
				BABA27A92E5693A800BDF824 /* SharedModule */,
			);
			name = SharedModule;
			packageProductDependencies = (
			);
			productName = SharedModule;
			productReference = BABA27A82E5693A800BDF824 /* SharedModule.framework */;
			productType = "com.apple.product-type.framework";
		};
		BABA27B12E5693A900BDF824 /* SharedModuleTests */ = {
			isa = PBXNativeTarget;
			buildConfigurationList = BABA27C32E5693A900BDF824 /* Build configuration list for PBXNativeTarget "SharedModuleTests" */;
			buildPhases = (
				BABA27AE2E5693A900BDF824 /* Sources */,
				BABA27AF2E5693A900BDF824 /* Frameworks */,
				BABA27B02E5693A900BDF824 /* Resources */,
			);
			buildRules = (
			);
			dependencies = (
				BABA27B52E5693A900BDF824 /* PBXTargetDependency */,
				BABA27B72E5693A900BDF824 /* PBXTargetDependency */,
			);
			fileSystemSynchronizedGroups = (
				BABA27B82E5693A900BDF824 /* SharedModuleTests */,
			);
			name = SharedModuleTests;
			packageProductDependencies = (
			);
			productName = SharedModuleTests;
			productReference = BABA27B22E5693A900BDF824 /* SharedModuleTests.xctest */;
			productType = "com.apple.product-type.bundle.unit-test";
		};
/* End PBXNativeTarget section */

/* Begin PBXProject section */
		BABA27182E56917B00BDF824 /* Project object */ = {
			isa = PBXProject;
			attributes = {
				BuildIndependentTargetsInParallel = 1;
				LastSwiftUpdateCheck = 1640;
				LastUpgradeCheck = 1640;
				TargetAttributes = {
					BABA271F2E56917B00BDF824 = {
						CreatedOnToolsVersion = 16.4;
					};
					BABA272C2E56917D00BDF824 = {
						CreatedOnToolsVersion = 16.4;
						TestTargetID = BABA271F2E56917B00BDF824;
					};
					BABA27362E56917D00BDF824 = {
						CreatedOnToolsVersion = 16.4;
						TestTargetID = BABA271F2E56917B00BDF824;
					};
					BABA27A72E5693A800BDF824 = {
						CreatedOnToolsVersion = 16.4;
					};
					BABA27B12E5693A900BDF824 = {
						CreatedOnToolsVersion = 16.4;
						TestTargetID = BABA271F2E56917B00BDF824;
					};
				};
			};
			buildConfigurationList = BABA271B2E56917B00BDF824 /* Build configuration list for PBXProject "SwimCraft" */;
			developmentRegion = en;
			hasScannedForEncodings = 0;
			knownRegions = (
				en,
				Base,
			);
			mainGroup = BABA27172E56917B00BDF824;
			minimizedProjectReferenceProxies = 1;
			preferredProjectObjectVersion = 77;
			productRefGroup = BABA27212E56917B00BDF824 /* Products */;
			projectDirPath = "";
			projectRoot = "";
			targets = (
				BABA271F2E56917B00BDF824 /* SwimCraft */,
				BABA272C2E56917D00BDF824 /* SwimCraftTests */,
				BABA27362E56917D00BDF824 /* SwimCraftUITests */,
				BABA27A72E5693A800BDF824 /* SharedModule */,
				BABA27B12E5693A900BDF824 /* SharedModuleTests */,
			);
		};
/* End PBXProject section */

/* Begin PBXResourcesBuildPhase section */
		BABA271E2E56917B00BDF824 /* Resources */ = {
			isa = PBXResourcesBuildPhase;
			buildActionMask = 2147483647;
			files = (
			);
			runOnlyForDeploymentPostprocessing = 0;
		};
		BABA272B2E56917D00BDF824 /* Resources */ = {
			isa = PBXResourcesBuildPhase;
			buildActionMask = 2147483647;
			files = (
			);
			runOnlyForDeploymentPostprocessing = 0;
		};
		BABA27352E56917D00BDF824 /* Resources */ = {
			isa = PBXResourcesBuildPhase;
			buildActionMask = 2147483647;
			files = (
			);
			runOnlyForDeploymentPostprocessing = 0;
		};
		BABA27A62E5693A800BDF824 /* Resources */ = {
			isa = PBXResourcesBuildPhase;
			buildActionMask = 2147483647;
			files = (
			);
			runOnlyForDeploymentPostprocessing = 0;
		};
		BABA27B02E5693A900BDF824 /* Resources */ = {
			isa = PBXResourcesBuildPhase;
			buildActionMask = 2147483647;
			files = (
			);
			runOnlyForDeploymentPostprocessing = 0;
		};
/* End PBXResourcesBuildPhase section */

/* Begin PBXSourcesBuildPhase section */
		BABA271C2E56917B00BDF824 /* Sources */ = {
			isa = PBXSourcesBuildPhase;
			buildActionMask = 2147483647;
			files = (
			);
			runOnlyForDeploymentPostprocessing = 0;
		};
		BABA27292E56917D00BDF824 /* Sources */ = {
			isa = PBXSourcesBuildPhase;
			buildActionMask = 2147483647;
			files = (
			);
			runOnlyForDeploymentPostprocessing = 0;
		};
		BABA27332E56917D00BDF824 /* Sources */ = {
			isa = PBXSourcesBuildPhase;
			buildActionMask = 2147483647;
			files = (
			);
			runOnlyForDeploymentPostprocessing = 0;
		};
		BABA27A42E5693A800BDF824 /* Sources */ = {
			isa = PBXSourcesBuildPhase;
			buildActionMask = 2147483647;
			files = (
			);
			runOnlyForDeploymentPostprocessing = 0;
		};
		BABA27AE2E5693A900BDF824 /* Sources */ = {
			isa = PBXSourcesBuildPhase;
			buildActionMask = 2147483647;
			files = (
			);
			runOnlyForDeploymentPostprocessing = 0;
		};
/* End PBXSourcesBuildPhase section */

/* Begin PBXTargetDependency section */
		BABA272F2E56917D00BDF824 /* PBXTargetDependency */ = {
			isa = PBXTargetDependency;
			target = BABA271F2E56917B00BDF824 /* SwimCraft */;
			targetProxy = BABA272E2E56917D00BDF824 /* PBXContainerItemProxy */;
		};
		BABA27392E56917D00BDF824 /* PBXTargetDependency */ = {
			isa = PBXTargetDependency;
			target = BABA271F2E56917B00BDF824 /* SwimCraft */;
			targetProxy = BABA27382E56917D00BDF824 /* PBXContainerItemProxy */;
		};
		BABA27B52E5693A900BDF824 /* PBXTargetDependency */ = {
			isa = PBXTargetDependency;
			target = BABA27A72E5693A800BDF824 /* SharedModule */;
			targetProxy = BABA27B42E5693A900BDF824 /* PBXContainerItemProxy */;
		};
		BABA27B72E5693A900BDF824 /* PBXTargetDependency */ = {
			isa = PBXTargetDependency;
			target = BABA271F2E56917B00BDF824 /* SwimCraft */;
			targetProxy = BABA27B62E5693A900BDF824 /* PBXContainerItemProxy */;
		};
		BABA27BC2E5693A900BDF824 /* PBXTargetDependency */ = {
			isa = PBXTargetDependency;
			target = BABA27A72E5693A800BDF824 /* SharedModule */;
			targetProxy = BABA27BB2E5693A900BDF824 /* PBXContainerItemProxy */;
		};
/* End PBXTargetDependency section */

/* Begin XCBuildConfiguration section */
		BABA273F2E56917D00BDF824 /* Debug */ = {
			isa = XCBuildConfiguration;
			buildSettings = {
				ALWAYS_SEARCH_USER_PATHS = NO;
				ASSETCATALOG_COMPILER_GENERATE_SWIFT_ASSET_SYMBOL_EXTENSIONS = YES;
				CLANG_ANALYZER_NONNULL = YES;
				CLANG_ANALYZER_NUMBER_OBJECT_CONVERSION = YES_AGGRESSIVE;
				CLANG_CXX_LANGUAGE_STANDARD = "gnu++20";
				CLANG_ENABLE_MODULES = YES;
				CLANG_ENABLE_OBJC_ARC = YES;
				CLANG_ENABLE_OBJC_WEAK = YES;
				CLANG_WARN_BLOCK_CAPTURE_AUTORELEASING = YES;
				CLANG_WARN_BOOL_CONVERSION = YES;
				CLANG_WARN_COMMA = YES;
				CLANG_WARN_CONSTANT_CONVERSION = YES;
				CLANG_WARN_DEPRECATED_OBJC_IMPLEMENTATIONS = YES;
				CLANG_WARN_DIRECT_OBJC_ISA_USAGE = YES_ERROR;
				CLANG_WARN_DOCUMENTATION_COMMENTS = YES;
				CLANG_WARN_EMPTY_BODY = YES;
				CLANG_WARN_ENUM_CONVERSION = YES;
				CLANG_WARN_INFINITE_RECURSION = YES;
				CLANG_WARN_INT_CONVERSION = YES;
				CLANG_WARN_NON_LITERAL_NULL_CONVERSION = YES;
				CLANG_WARN_OBJC_IMPLICIT_RETAIN_SELF = YES;
				CLANG_WARN_OBJC_LITERAL_CONVERSION = YES;
				CLANG_WARN_OBJC_ROOT_CLASS = YES_ERROR;
				CLANG_WARN_QUOTED_INCLUDE_IN_FRAMEWORK_HEADER = YES;
				CLANG_WARN_RANGE_LOOP_ANALYSIS = YES;
				CLANG_WARN_STRICT_PROTOTYPES = YES;
				CLANG_WARN_SUSPICIOUS_MOVE = YES;
				CLANG_WARN_UNGUARDED_AVAILABILITY = YES_AGGRESSIVE;
				CLANG_WARN_UNREACHABLE_CODE = YES;
				CLANG_WARN__DUPLICATE_METHOD_MATCH = YES;
				COPY_PHASE_STRIP = NO;
				DEBUG_INFORMATION_FORMAT = dwarf;
				DEVELOPMENT_TEAM = D3758JUXWN;
				ENABLE_STRICT_OBJC_MSGSEND = YES;
				ENABLE_TESTABILITY = YES;
				ENABLE_USER_SCRIPT_SANDBOXING = YES;
				GCC_C_LANGUAGE_STANDARD = gnu17;
				GCC_DYNAMIC_NO_PIC = NO;
				GCC_NO_COMMON_BLOCKS = YES;
				GCC_OPTIMIZATION_LEVEL = 0;
				GCC_PREPROCESSOR_DEFINITIONS = (
					"DEBUG=1",
					"$(inherited)",
				);
				GCC_WARN_64_TO_32_BIT_CONVERSION = YES;
				GCC_WARN_ABOUT_RETURN_TYPE = YES_ERROR;
				GCC_WARN_UNDECLARED_SELECTOR = YES;
				GCC_WARN_UNINITIALIZED_AUTOS = YES_AGGRESSIVE;
				GCC_WARN_UNUSED_FUNCTION = YES;
				GCC_WARN_UNUSED_VARIABLE = YES;
				IPHONEOS_DEPLOYMENT_TARGET = 18.5;
				LOCALIZATION_PREFERS_STRING_CATALOGS = YES;
				MTL_ENABLE_DEBUG_INFO = INCLUDE_SOURCE;
				MTL_FAST_MATH = YES;
				ONLY_ACTIVE_ARCH = YES;
				SDKROOT = iphoneos;
				SWIFT_ACTIVE_COMPILATION_CONDITIONS = "DEBUG $(inherited)";
				SWIFT_OPTIMIZATION_LEVEL = "-Onone";
			};
			name = Debug;
		};
		BABA27402E56917D00BDF824 /* Release */ = {
			isa = XCBuildConfiguration;
			buildSettings = {
				ALWAYS_SEARCH_USER_PATHS = NO;
				ASSETCATALOG_COMPILER_GENERATE_SWIFT_ASSET_SYMBOL_EXTENSIONS = YES;
				CLANG_ANALYZER_NONNULL = YES;
				CLANG_ANALYZER_NUMBER_OBJECT_CONVERSION = YES_AGGRESSIVE;
				CLANG_CXX_LANGUAGE_STANDARD = "gnu++20";
				CLANG_ENABLE_MODULES = YES;
				CLANG_ENABLE_OBJC_ARC = YES;
				CLANG_ENABLE_OBJC_WEAK = YES;
				CLANG_WARN_BLOCK_CAPTURE_AUTORELEASING = YES;
				CLANG_WARN_BOOL_CONVERSION = YES;
				CLANG_WARN_COMMA = YES;
				CLANG_WARN_CONSTANT_CONVERSION = YES;
				CLANG_WARN_DEPRECATED_OBJC_IMPLEMENTATIONS = YES;
				CLANG_WARN_DIRECT_OBJC_ISA_USAGE = YES_ERROR;
				CLANG_WARN_DOCUMENTATION_COMMENTS = YES;
				CLANG_WARN_EMPTY_BODY = YES;
				CLANG_WARN_ENUM_CONVERSION = YES;
				CLANG_WARN_INFINITE_RECURSION = YES;
				CLANG_WARN_INT_CONVERSION = YES;
				CLANG_WARN_NON_LITERAL_NULL_CONVERSION = YES;
				CLANG_WARN_OBJC_IMPLICIT_RETAIN_SELF = YES;
				CLANG_WARN_OBJC_LITERAL_CONVERSION = YES;
				CLANG_WARN_OBJC_ROOT_CLASS = YES_ERROR;
				CLANG_WARN_QUOTED_INCLUDE_IN_FRAMEWORK_HEADER = YES;
				CLANG_WARN_RANGE_LOOP_ANALYSIS = YES;
				CLANG_WARN_STRICT_PROTOTYPES = YES;
				CLANG_WARN_SUSPICIOUS_MOVE = YES;
				CLANG_WARN_UNGUARDED_AVAILABILITY = YES_AGGRESSIVE;
				CLANG_WARN_UNREACHABLE_CODE = YES;
				CLANG_WARN__DUPLICATE_METHOD_MATCH = YES;
				COPY_PHASE_STRIP = NO;
				DEBUG_INFORMATION_FORMAT = "dwarf-with-dsym";
				DEVELOPMENT_TEAM = D3758JUXWN;
				ENABLE_NS_ASSERTIONS = NO;
				ENABLE_STRICT_OBJC_MSGSEND = YES;
				ENABLE_USER_SCRIPT_SANDBOXING = YES;
				GCC_C_LANGUAGE_STANDARD = gnu17;
				GCC_NO_COMMON_BLOCKS = YES;
				GCC_WARN_64_TO_32_BIT_CONVERSION = YES;
				GCC_WARN_ABOUT_RETURN_TYPE = YES_ERROR;
				GCC_WARN_UNDECLARED_SELECTOR = YES;
				GCC_WARN_UNINITIALIZED_AUTOS = YES_AGGRESSIVE;
				GCC_WARN_UNUSED_FUNCTION = YES;
				GCC_WARN_UNUSED_VARIABLE = YES;
				IPHONEOS_DEPLOYMENT_TARGET = 18.5;
				LOCALIZATION_PREFERS_STRING_CATALOGS = YES;
				MTL_ENABLE_DEBUG_INFO = NO;
				MTL_FAST_MATH = YES;
				SDKROOT = iphoneos;
				SWIFT_COMPILATION_MODE = wholemodule;
				VALIDATE_PRODUCT = YES;
			};
			name = Release;
		};
		BABA27422E56917D00BDF824 /* Debug */ = {
			isa = XCBuildConfiguration;
			buildSettings = {
				ASSETCATALOG_COMPILER_APPICON_NAME = AppIcon;
				ASSETCATALOG_COMPILER_GLOBAL_ACCENT_COLOR_NAME = AccentColor;
				CODE_SIGN_ENTITLEMENTS = SwimCraft/SwimCraftDebug.entitlements;
				CODE_SIGN_STYLE = Automatic;
				CURRENT_PROJECT_VERSION = 1;
				DEVELOPMENT_TEAM = D3758JUXWN;
				ENABLE_PREVIEWS = YES;
				GENERATE_INFOPLIST_FILE = YES;
				INFOPLIST_KEY_CFBundleDisplayName = SwimCraft;
				INFOPLIST_KEY_LSApplicationCategoryType = "public.app-category.healthcare-fitness";
				INFOPLIST_KEY_UIApplicationSceneManifest_Generation = YES;
				INFOPLIST_KEY_UIApplicationSupportsIndirectInputEvents = YES;
				INFOPLIST_KEY_UILaunchScreen_Generation = YES;
				INFOPLIST_KEY_UISupportedInterfaceOrientations_iPad = "UIInterfaceOrientationPortrait UIInterfaceOrientationPortraitUpsideDown UIInterfaceOrientationLandscapeLeft UIInterfaceOrientationLandscapeRight";
				INFOPLIST_KEY_UISupportedInterfaceOrientations_iPhone = "UIInterfaceOrientationPortrait UIInterfaceOrientationLandscapeLeft UIInterfaceOrientationLandscapeRight";
				LD_RUNPATH_SEARCH_PATHS = (
					"$(inherited)",
					"@executable_path/Frameworks",
				);
				MARKETING_VERSION = 1.0;
				PRODUCT_BUNDLE_IDENTIFIER = com.RavenDesign.testApp..SwimCraft;
				PRODUCT_NAME = "$(TARGET_NAME)";
				SWIFT_EMIT_LOC_STRINGS = YES;
				SWIFT_VERSION = 5.0;
				TARGETED_DEVICE_FAMILY = "1,2";
			};
			name = Debug;
		};
		BABA27432E56917D00BDF824 /* Release */ = {
			isa = XCBuildConfiguration;
			buildSettings = {
				ASSETCATALOG_COMPILER_APPICON_NAME = AppIcon;
				ASSETCATALOG_COMPILER_GLOBAL_ACCENT_COLOR_NAME = AccentColor;
				CODE_SIGN_STYLE = Automatic;
				CURRENT_PROJECT_VERSION = 1;
				DEVELOPMENT_TEAM = D3758JUXWN;
				ENABLE_PREVIEWS = YES;
				GENERATE_INFOPLIST_FILE = YES;
				INFOPLIST_KEY_CFBundleDisplayName = SwimCraft;
				INFOPLIST_KEY_LSApplicationCategoryType = "public.app-category.healthcare-fitness";
				INFOPLIST_KEY_UIApplicationSceneManifest_Generation = YES;
				INFOPLIST_KEY_UIApplicationSupportsIndirectInputEvents = YES;
				INFOPLIST_KEY_UILaunchScreen_Generation = YES;
				INFOPLIST_KEY_UISupportedInterfaceOrientations_iPad = "UIInterfaceOrientationPortrait UIInterfaceOrientationPortraitUpsideDown UIInterfaceOrientationLandscapeLeft UIInterfaceOrientationLandscapeRight";
				INFOPLIST_KEY_UISupportedInterfaceOrientations_iPhone = "UIInterfaceOrientationPortrait UIInterfaceOrientationLandscapeLeft UIInterfaceOrientationLandscapeRight";
				LD_RUNPATH_SEARCH_PATHS = (
					"$(inherited)",
					"@executable_path/Frameworks",
				);
				MARKETING_VERSION = 1.0;
				PRODUCT_BUNDLE_IDENTIFIER = com.RavenDesign.testApp..SwimCraft;
				PRODUCT_NAME = "$(TARGET_NAME)";
				SWIFT_EMIT_LOC_STRINGS = YES;
				SWIFT_VERSION = 5.0;
				TARGETED_DEVICE_FAMILY = "1,2";
			};
			name = Release;
		};
		BABA27452E56917D00BDF824 /* Debug */ = {
			isa = XCBuildConfiguration;
			buildSettings = {
				BUNDLE_LOADER = "$(TEST_HOST)";
				CODE_SIGN_STYLE = Automatic;
				CURRENT_PROJECT_VERSION = 1;
				DEVELOPMENT_TEAM = D3758JUXWN;
				GENERATE_INFOPLIST_FILE = YES;
				IPHONEOS_DEPLOYMENT_TARGET = 18.5;
				MARKETING_VERSION = 1.0;
				PRODUCT_BUNDLE_IDENTIFIER = com.RavenDesign.testApp..SwimCraftTests;
				PRODUCT_NAME = "$(TARGET_NAME)";
				SWIFT_EMIT_LOC_STRINGS = NO;
				SWIFT_VERSION = 5.0;
				TARGETED_DEVICE_FAMILY = "1,2";
				TEST_HOST = "$(BUILT_PRODUCTS_DIR)/SwimCraft.app/$(BUNDLE_EXECUTABLE_FOLDER_PATH)/SwimCraft";
			};
			name = Debug;
		};
		BABA27462E56917D00BDF824 /* Release */ = {
			isa = XCBuildConfiguration;
			buildSettings = {
				BUNDLE_LOADER = "$(TEST_HOST)";
				CODE_SIGN_STYLE = Automatic;
				CURRENT_PROJECT_VERSION = 1;
				DEVELOPMENT_TEAM = D3758JUXWN;
				GENERATE_INFOPLIST_FILE = YES;
				IPHONEOS_DEPLOYMENT_TARGET = 18.5;
				MARKETING_VERSION = 1.0;
				PRODUCT_BUNDLE_IDENTIFIER = com.RavenDesign.testApp..SwimCraftTests;
				PRODUCT_NAME = "$(TARGET_NAME)";
				SWIFT_EMIT_LOC_STRINGS = NO;
				SWIFT_VERSION = 5.0;
				TARGETED_DEVICE_FAMILY = "1,2";
				TEST_HOST = "$(BUILT_PRODUCTS_DIR)/SwimCraft.app/$(BUNDLE_EXECUTABLE_FOLDER_PATH)/SwimCraft";
			};
			name = Release;
		};
		BABA27482E56917D00BDF824 /* Debug */ = {
			isa = XCBuildConfiguration;
			buildSettings = {
				CODE_SIGN_STYLE = Automatic;
				CURRENT_PROJECT_VERSION = 1;
				DEVELOPMENT_TEAM = D3758JUXWN;
				GENERATE_INFOPLIST_FILE = YES;
				MARKETING_VERSION = 1.0;
				PRODUCT_BUNDLE_IDENTIFIER = com.RavenDesign.testApp..SwimCraftUITests;
				PRODUCT_NAME = "$(TARGET_NAME)";
				SWIFT_EMIT_LOC_STRINGS = NO;
				SWIFT_VERSION = 5.0;
				TARGETED_DEVICE_FAMILY = "1,2";
				TEST_TARGET_NAME = SwimCraft;
			};
			name = Debug;
		};
		BABA27492E56917D00BDF824 /* Release */ = {
			isa = XCBuildConfiguration;
			buildSettings = {
				CODE_SIGN_STYLE = Automatic;
				CURRENT_PROJECT_VERSION = 1;
				DEVELOPMENT_TEAM = D3758JUXWN;
				GENERATE_INFOPLIST_FILE = YES;
				MARKETING_VERSION = 1.0;
				PRODUCT_BUNDLE_IDENTIFIER = com.RavenDesign.testApp..SwimCraftUITests;
				PRODUCT_NAME = "$(TARGET_NAME)";
				SWIFT_EMIT_LOC_STRINGS = NO;
				SWIFT_VERSION = 5.0;
				TARGETED_DEVICE_FAMILY = "1,2";
				TEST_TARGET_NAME = SwimCraft;
			};
			name = Release;
		};
		BABA27C02E5693A900BDF824 /* Debug */ = {
			isa = XCBuildConfiguration;
			buildSettings = {
				BUILD_LIBRARY_FOR_DISTRIBUTION = YES;
				CODE_SIGN_STYLE = Automatic;
				CURRENT_PROJECT_VERSION = 1;
				DEVELOPMENT_TEAM = D3758JUXWN;
				DYLIB_COMPATIBILITY_VERSION = 1;
				DYLIB_CURRENT_VERSION = 1;
				DYLIB_INSTALL_NAME_BASE = "@rpath";
				ENABLE_MODULE_VERIFIER = YES;
				GENERATE_INFOPLIST_FILE = YES;
				INFOPLIST_KEY_NSHumanReadableCopyright = "";
				INSTALL_PATH = "$(LOCAL_LIBRARY_DIR)/Frameworks";
				LD_RUNPATH_SEARCH_PATHS = (
					"$(inherited)",
					"@executable_path/Frameworks",
					"@loader_path/Frameworks",
				);
				MARKETING_VERSION = 1.0;
				MODULE_VERIFIER_SUPPORTED_LANGUAGES = "objective-c objective-c++";
				MODULE_VERIFIER_SUPPORTED_LANGUAGE_STANDARDS = "gnu17 gnu++20";
				PRODUCT_BUNDLE_IDENTIFIER = com.RavenDesign.testApp..SharedModule;
				PRODUCT_NAME = "$(TARGET_NAME:c99extidentifier)";
				SKIP_INSTALL = YES;
				SWIFT_EMIT_LOC_STRINGS = YES;
				SWIFT_INSTALL_MODULE = YES;
				SWIFT_INSTALL_OBJC_HEADER = NO;
				SWIFT_VERSION = 5.0;
				TARGETED_DEVICE_FAMILY = "1,2";
				VERSIONING_SYSTEM = "apple-generic";
				VERSION_INFO_PREFIX = "";
			};
			name = Debug;
		};
		BABA27C12E5693A900BDF824 /* Release */ = {
			isa = XCBuildConfiguration;
			buildSettings = {
				BUILD_LIBRARY_FOR_DISTRIBUTION = YES;
				CODE_SIGN_STYLE = Automatic;
				CURRENT_PROJECT_VERSION = 1;
				DEVELOPMENT_TEAM = D3758JUXWN;
				DYLIB_COMPATIBILITY_VERSION = 1;
				DYLIB_CURRENT_VERSION = 1;
				DYLIB_INSTALL_NAME_BASE = "@rpath";
				ENABLE_MODULE_VERIFIER = YES;
				GENERATE_INFOPLIST_FILE = YES;
				INFOPLIST_KEY_NSHumanReadableCopyright = "";
				INSTALL_PATH = "$(LOCAL_LIBRARY_DIR)/Frameworks";
				LD_RUNPATH_SEARCH_PATHS = (
					"$(inherited)",
					"@executable_path/Frameworks",
					"@loader_path/Frameworks",
				);
				MARKETING_VERSION = 1.0;
				MODULE_VERIFIER_SUPPORTED_LANGUAGES = "objective-c objective-c++";
				MODULE_VERIFIER_SUPPORTED_LANGUAGE_STANDARDS = "gnu17 gnu++20";
				PRODUCT_BUNDLE_IDENTIFIER = com.RavenDesign.testApp..SharedModule;
				PRODUCT_NAME = "$(TARGET_NAME:c99extidentifier)";
				SKIP_INSTALL = YES;
				SWIFT_EMIT_LOC_STRINGS = YES;
				SWIFT_INSTALL_MODULE = YES;
				SWIFT_INSTALL_OBJC_HEADER = NO;
				SWIFT_VERSION = 5.0;
				TARGETED_DEVICE_FAMILY = "1,2";
				VERSIONING_SYSTEM = "apple-generic";
				VERSION_INFO_PREFIX = "";
			};
			name = Release;
		};
		BABA27C42E5693A900BDF824 /* Debug */ = {
			isa = XCBuildConfiguration;
			buildSettings = {
				CODE_SIGN_STYLE = Automatic;
				CURRENT_PROJECT_VERSION = 1;
				DEVELOPMENT_TEAM = D3758JUXWN;
				GENERATE_INFOPLIST_FILE = YES;
				MARKETING_VERSION = 1.0;
				PRODUCT_BUNDLE_IDENTIFIER = com.RavenDesign.testApp..SharedModuleTests;
				PRODUCT_NAME = "$(TARGET_NAME)";
				SWIFT_EMIT_LOC_STRINGS = NO;
				SWIFT_VERSION = 5.0;
				TARGETED_DEVICE_FAMILY = "1,2";
				TEST_HOST = "$(BUILT_PRODUCTS_DIR)/SwimCraft.app/$(BUNDLE_EXECUTABLE_FOLDER_PATH)/SwimCraft";
			};
			name = Debug;
		};
		BABA27C52E5693A900BDF824 /* Release */ = {
			isa = XCBuildConfiguration;
			buildSettings = {
				CODE_SIGN_STYLE = Automatic;
				CURRENT_PROJECT_VERSION = 1;
				DEVELOPMENT_TEAM = D3758JUXWN;
				GENERATE_INFOPLIST_FILE = YES;
				MARKETING_VERSION = 1.0;
				PRODUCT_BUNDLE_IDENTIFIER = com.RavenDesign.testApp..SharedModuleTests;
				PRODUCT_NAME = "$(TARGET_NAME)";
				SWIFT_EMIT_LOC_STRINGS = NO;
				SWIFT_VERSION = 5.0;
				TARGETED_DEVICE_FAMILY = "1,2";
				TEST_HOST = "$(BUILT_PRODUCTS_DIR)/SwimCraft.app/$(BUNDLE_EXECUTABLE_FOLDER_PATH)/SwimCraft";
			};
			name = Release;
		};
/* End XCBuildConfiguration section */

/* Begin XCConfigurationList section */
		BABA271B2E56917B00BDF824 /* Build configuration list for PBXProject "SwimCraft" */ = {
			isa = XCConfigurationList;
			buildConfigurations = (
				BABA273F2E56917D00BDF824 /* Debug */,
				BABA27402E56917D00BDF824 /* Release */,
			);
			defaultConfigurationIsVisible = 0;
			defaultConfigurationName = Release;
		};
		BABA27412E56917D00BDF824 /* Build configuration list for PBXNativeTarget "SwimCraft" */ = {
			isa = XCConfigurationList;
			buildConfigurations = (
				BABA27422E56917D00BDF824 /* Debug */,
				BABA27432E56917D00BDF824 /* Release */,
			);
			defaultConfigurationIsVisible = 0;
			defaultConfigurationName = Release;
		};
		BABA27442E56917D00BDF824 /* Build configuration list for PBXNativeTarget "SwimCraftTests" */ = {
			isa = XCConfigurationList;
			buildConfigurations = (
				BABA27452E56917D00BDF824 /* Debug */,
				BABA27462E56917D00BDF824 /* Release */,
			);
			defaultConfigurationIsVisible = 0;
			defaultConfigurationName = Release;
		};
		BABA27472E56917D00BDF824 /* Build configuration list for PBXNativeTarget "SwimCraftUITests" */ = {
			isa = XCConfigurationList;
			buildConfigurations = (
				BABA27482E56917D00BDF824 /* Debug */,
				BABA27492E56917D00BDF824 /* Release */,
			);
			defaultConfigurationIsVisible = 0;
			defaultConfigurationName = Release;
		};
		BABA27BF2E5693A900BDF824 /* Build configuration list for PBXNativeTarget "SharedModule" */ = {
			isa = XCConfigurationList;
			buildConfigurations = (
				BABA27C02E5693A900BDF824 /* Debug */,
				BABA27C12E5693A900BDF824 /* Release */,
			);
			defaultConfigurationIsVisible = 0;
			defaultConfigurationName = Release;
		};
		BABA27C32E5693A900BDF824 /* Build configuration list for PBXNativeTarget "SharedModuleTests" */ = {
			isa = XCConfigurationList;
			buildConfigurations = (
				BABA27C42E5693A900BDF824 /* Debug */,
				BABA27C52E5693A900BDF824 /* Release */,
			);
			defaultConfigurationIsVisible = 0;
			defaultConfigurationName = Release;
		};
/* End XCConfigurationList section */
	};
	rootObject = BABA27182E56917B00BDF824 /* Project object */;
}
